
Microsoft Visual Studio Solution File, Format Version 9.00
# Visual Studio 2005
Project("{FAE04EC0-301F-11D3-BF4B-00C04F79EFBC}") = "UnitTest", "UnitTest\UnitTest.csproj", "{F2008F37-D7F6-45A0-BF14-BFB435E4D582}"
EndProject
Project("{FAE04EC0-301F-11D3-BF4B-00C04F79EFBC}") = "UnitTestDBUpdater", "UnitTestDBUpdater\UnitTestDBUpdater.csproj", "{84E36C26-88D0-47FC-98CF-144071C33A62}"
EndProject
Global
	GlobalSection(SolutionConfigurationPlatforms) = preSolution
		Debug|Any CPU = Debug|Any CPU
		Release|Any CPU = Release|Any CPU
	EndGlobalSection
	GlobalSection(ProjectConfigurationPlatforms) = postSolution
		{F2008F37-D7F6-45A0-BF14-BFB435E4D582}.Debug|Any CPU.ActiveCfg = Debug|Any CPU
		{F2008F37-D7F6-45A0-BF14-BFB435E4D582}.Debug|Any CPU.Build.0 = Debug|Any CPU
		{F2008F37-D7F6-45A0-BF14-BFB435E4D582}.Debug|Any CPU.Deploy.0 = Debug|Any CPU
		{F2008F37-D7F6-45A0-BF14-BFB435E4D582}.Release|Any CPU.ActiveCfg = Release|Any CPU
		{F2008F37-D7F6-45A0-BF14-BFB435E4D582}.Release|Any CPU.Build.0 = Release|Any CPU
		{F2008F37-D7F6-45A0-BF14-BFB435E4D582}.Release|Any CPU.Deploy.0 = Release|Any CPU
		{84E36C26-88D0-47FC-98CF-144071C33A62}.Debug|Any CPU.ActiveCfg = Debug|Any CPU
		{84E36C26-88D0-47FC-98CF-144071C33A62}.Debug|Any CPU.Build.0 = Debug|Any CPU
		{84E36C26-88D0-47FC-98CF-144071C33A62}.Release|Any CPU.ActiveCfg = Release|Any CPU
		{84E36C26-88D0-47FC-98CF-144071C33A62}.Release|Any CPU.Build.0 = Release|Any CPU
	EndGlobalSection
	GlobalSection(SolutionProperties) = preSolution
		HideSolutionNode = FALSE
	EndGlobalSection
EndGlobal
